
Microsoft Visual Studio Solution File, Format Version 12.00
# Visual Studio Version 16
VisualStudioVersion = 16.0.29409.12
MinimumVisualStudioVersion = 10.0.40219.1
Project("{2150E333-8FDC-42A3-9474-1A3956D46DE8}") = "Application", "Application", "{1797C31D-FC64-47C4-958C-B1CFD32B25E4}"
EndProject
Project("{2150E333-8FDC-42A3-9474-1A3956D46DE8}") = "Persistance", "Persistance", "{EEB8D5A7-C70C-46C1-A795-F052C4E68A47}"
EndProject
Project("{9A19103F-16F7-4668-BE54-9A1E7A4F7556}") = "Blog.Api", "Blog.Api\Blog.Api.csproj", "{9C3C4488-90ED-483A-8F27-2E7425DAE42E}"
EndProject
Project("{2150E333-8FDC-42A3-9474-1A3956D46DE8}") = "Domain", "Domain", "{4E84A720-922B-43B5-A601-6E9DC141BFEC}"
EndProject
Project("{9A19103F-16F7-4668-BE54-9A1E7A4F7556}") = "Blog.Entities", "Blog.Entities\Blog.Entities.csproj", "{A17A7144-7C55-4018-925F-FD619736FED6}"
EndProject
Project("{9A19103F-16F7-4668-BE54-9A1E7A4F7556}") = "Blog.Logic", "Blog.Logic\Blog.Logic.csproj", "{1274190F-D4D6-4395-BB09-56C142ED571E}"
EndProject
Project("{9A19103F-16F7-4668-BE54-9A1E7A4F7556}") = "Blog.ValueObjects", "Blog.ValueObjects\Blog.ValueObjects.csproj", "{033C8133-242E-4C87-87BD-B4AA5B4E97C2}"
EndProject
Project("{9A19103F-16F7-4668-BE54-9A1E7A4F7556}") = "Blog.Repositories", "Blog.Repositories\Blog.Repositories.csproj", "{D3C82751-8815-4535-8AA1-E730CED24B22}"
EndProject
Project("{2150E333-8FDC-42A3-9474-1A3956D46DE8}") = "Infrastructure", "Infrastructure", "{671CD630-0391-419D-8A9E-BF4E5E34DC06}"
EndProject
Project("{9A19103F-16F7-4668-BE54-9A1E7A4F7556}") = "Blog.ORM", "Blog.ORM\Blog.ORM.csproj", "{78EC0F78-9F2A-4553-9244-61F9CA69C4E9}"
EndProject
Project("{9A19103F-16F7-4668-BE54-9A1E7A4F7556}") = "Blog.OrmApp", "Blog.OrmApp\Blog.OrmApp.csproj", "{386EC636-0F78-4025-9B5A-D22CA19E67AD}"
EndProject
Project("{2150E333-8FDC-42A3-9474-1A3956D46DE8}") = "Tests", "Tests", "{E7832EB7-037F-45A6-ACEC-CF84A205B12F}"
EndProject
Project("{9A19103F-16F7-4668-BE54-9A1E7A4F7556}") = "DomainTests", "DomainTests\DomainTests.csproj", "{5D4DF393-D821-48F0-B8D7-F3CF574807F1}"
EndProject
Project("{2150E333-8FDC-42A3-9474-1A3956D46DE8}") = "Web", "Web", "{E904DEDC-58C2-4E2E-97BC-D477B21859BE}"
EndProject
Project("{FAE04EC0-301F-11D3-BF4B-00C04F79EFBC}") = "Blog.Exceptions", "Blog.Exceptions\Blog.Exceptions.csproj", "{5F0638C4-7A5C-481B-9BEB-4D0E3B0315C3}"
EndProject
Global
	GlobalSection(SolutionConfigurationPlatforms) = preSolution
		Debug|Any CPU = Debug|Any CPU
		Release|Any CPU = Release|Any CPU
	EndGlobalSection
	GlobalSection(ProjectConfigurationPlatforms) = postSolution
		{9C3C4488-90ED-483A-8F27-2E7425DAE42E}.Debug|Any CPU.ActiveCfg = Debug|Any CPU
		{9C3C4488-90ED-483A-8F27-2E7425DAE42E}.Debug|Any CPU.Build.0 = Debug|Any CPU
		{9C3C4488-90ED-483A-8F27-2E7425DAE42E}.Release|Any CPU.ActiveCfg = Release|Any CPU
		{9C3C4488-90ED-483A-8F27-2E7425DAE42E}.Release|Any CPU.Build.0 = Release|Any CPU
		{A17A7144-7C55-4018-925F-FD619736FED6}.Debug|Any CPU.ActiveCfg = Debug|Any CPU
		{A17A7144-7C55-4018-925F-FD619736FED6}.Debug|Any CPU.Build.0 = Debug|Any CPU
		{A17A7144-7C55-4018-925F-FD619736FED6}.Release|Any CPU.ActiveCfg = Release|Any CPU
		{A17A7144-7C55-4018-925F-FD619736FED6}.Release|Any CPU.Build.0 = Release|Any CPU
		{1274190F-D4D6-4395-BB09-56C142ED571E}.Debug|Any CPU.ActiveCfg = Debug|Any CPU
		{1274190F-D4D6-4395-BB09-56C142ED571E}.Debug|Any CPU.Build.0 = Debug|Any CPU
		{1274190F-D4D6-4395-BB09-56C142ED571E}.Release|Any CPU.ActiveCfg = Release|Any CPU
		{1274190F-D4D6-4395-BB09-56C142ED571E}.Release|Any CPU.Build.0 = Release|Any CPU
		{033C8133-242E-4C87-87BD-B4AA5B4E97C2}.Debug|Any CPU.ActiveCfg = Debug|Any CPU
		{033C8133-242E-4C87-87BD-B4AA5B4E97C2}.Debug|Any CPU.Build.0 = Debug|Any CPU
		{033C8133-242E-4C87-87BD-B4AA5B4E97C2}.Release|Any CPU.ActiveCfg = Release|Any CPU
		{033C8133-242E-4C87-87BD-B4AA5B4E97C2}.Release|Any CPU.Build.0 = Release|Any CPU
		{D3C82751-8815-4535-8AA1-E730CED24B22}.Debug|Any CPU.ActiveCfg = Debug|Any CPU
		{D3C82751-8815-4535-8AA1-E730CED24B22}.Debug|Any CPU.Build.0 = Debug|Any CPU
		{D3C82751-8815-4535-8AA1-E730CED24B22}.Release|Any CPU.ActiveCfg = Release|Any CPU
		{D3C82751-8815-4535-8AA1-E730CED24B22}.Release|Any CPU.Build.0 = Release|Any CPU
		{78EC0F78-9F2A-4553-9244-61F9CA69C4E9}.Debug|Any CPU.ActiveCfg = Debug|Any CPU
		{78EC0F78-9F2A-4553-9244-61F9CA69C4E9}.Debug|Any CPU.Build.0 = Debug|Any CPU
		{78EC0F78-9F2A-4553-9244-61F9CA69C4E9}.Release|Any CPU.ActiveCfg = Release|Any CPU
		{78EC0F78-9F2A-4553-9244-61F9CA69C4E9}.Release|Any CPU.Build.0 = Release|Any CPU
		{386EC636-0F78-4025-9B5A-D22CA19E67AD}.Debug|Any CPU.ActiveCfg = Debug|Any CPU
		{386EC636-0F78-4025-9B5A-D22CA19E67AD}.Debug|Any CPU.Build.0 = Debug|Any CPU
		{386EC636-0F78-4025-9B5A-D22CA19E67AD}.Release|Any CPU.ActiveCfg = Release|Any CPU
		{386EC636-0F78-4025-9B5A-D22CA19E67AD}.Release|Any CPU.Build.0 = Release|Any CPU
		{5D4DF393-D821-48F0-B8D7-F3CF574807F1}.Debug|Any CPU.ActiveCfg = Debug|Any CPU
		{5D4DF393-D821-48F0-B8D7-F3CF574807F1}.Debug|Any CPU.Build.0 = Debug|Any CPU
		{5D4DF393-D821-48F0-B8D7-F3CF574807F1}.Release|Any CPU.ActiveCfg = Release|Any CPU
		{5D4DF393-D821-48F0-B8D7-F3CF574807F1}.Release|Any CPU.Build.0 = Release|Any CPU
		{5F0638C4-7A5C-481B-9BEB-4D0E3B0315C3}.Debug|Any CPU.ActiveCfg = Debug|Any CPU
		{5F0638C4-7A5C-481B-9BEB-4D0E3B0315C3}.Debug|Any CPU.Build.0 = Debug|Any CPU
		{5F0638C4-7A5C-481B-9BEB-4D0E3B0315C3}.Release|Any CPU.ActiveCfg = Release|Any CPU
		{5F0638C4-7A5C-481B-9BEB-4D0E3B0315C3}.Release|Any CPU.Build.0 = Release|Any CPU
	EndGlobalSection
	GlobalSection(SolutionProperties) = preSolution
		HideSolutionNode = FALSE
	EndGlobalSection
	GlobalSection(NestedProjects) = preSolution
		{9C3C4488-90ED-483A-8F27-2E7425DAE42E} = {E904DEDC-58C2-4E2E-97BC-D477B21859BE}
		{A17A7144-7C55-4018-925F-FD619736FED6} = {4E84A720-922B-43B5-A601-6E9DC141BFEC}
		{1274190F-D4D6-4395-BB09-56C142ED571E} = {1797C31D-FC64-47C4-958C-B1CFD32B25E4}
		{033C8133-242E-4C87-87BD-B4AA5B4E97C2} = {4E84A720-922B-43B5-A601-6E9DC141BFEC}
		{D3C82751-8815-4535-8AA1-E730CED24B22} = {EEB8D5A7-C70C-46C1-A795-F052C4E68A47}
		{78EC0F78-9F2A-4553-9244-61F9CA69C4E9} = {EEB8D5A7-C70C-46C1-A795-F052C4E68A47}
		{386EC636-0F78-4025-9B5A-D22CA19E67AD} = {EEB8D5A7-C70C-46C1-A795-F052C4E68A47}
		{5D4DF393-D821-48F0-B8D7-F3CF574807F1} = {E7832EB7-037F-45A6-ACEC-CF84A205B12F}
		{5F0638C4-7A5C-481B-9BEB-4D0E3B0315C3} = {4E84A720-922B-43B5-A601-6E9DC141BFEC}
	EndGlobalSection
	GlobalSection(ExtensibilityGlobals) = postSolution
		SolutionGuid = {FD4A335B-8241-4C3A-B1E8-CBC85122966F}
	EndGlobalSection
EndGlobal
